
Microsoft Visual Studio Solution File, Format Version 12.00
# Visual Studio Version 17
VisualStudioVersion = 17.10.35122.118
MinimumVisualStudioVersion = 10.0.40219.1
Project("{9A19103F-16F7-4668-BE54-9A1E7A4F7556}") = "SkillUpHub.Auth.API", "SkillUpHub.Auth.API\SkillUpHub.Auth.API.csproj", "{D3F4AA87-D47F-4D7B-B6A0-C6D4975C548D}"
EndProject
Project("{9A19103F-16F7-4668-BE54-9A1E7A4F7556}") = "SkillUpHub.Command.Contract", "SkillUpHub.Auth.Contract\SkillUpHub.Command.Contract.csproj", "{F89AAB92-F76D-43C6-9742-2ED6A54F726D}"
EndProject
Project("{9A19103F-16F7-4668-BE54-9A1E7A4F7556}") = "SkillUpHub.Command.Infrastructure", "SkillUpHub.Auth.Infrastructure\SkillUpHub.Command.Infrastructure.csproj", "{2C4D157B-6727-4867-AFD0-5F592F49CABE}"
EndProject
Project("{9A19103F-16F7-4668-BE54-9A1E7A4F7556}") = "SkillUpHub.Auth.Tests", "SkillUpHub.Auth.Tests\SkillUpHub.Auth.Tests.csproj", "{A0E87D36-14EC-430C-BC15-CA9EA77BD223}"
EndProject
Project("{9A19103F-16F7-4668-BE54-9A1E7A4F7556}") = "SkillUpHub.Command.Application", "SkillUpHub.Auth.Application\SkillUpHub.Command.Application.csproj", "{B03C6AEE-6527-4F01-8556-F15D12AB6BD1}"
EndProject
Project("{2150E333-8FDC-42A3-9474-1A3956D46DE8}") = "Command", "Command", "{F9B526FE-9FBE-4F41-BED5-1BF65B9FD482}"
EndProject
Global
	GlobalSection(SolutionConfigurationPlatforms) = preSolution
		Debug|Any CPU = Debug|Any CPU
		Release|Any CPU = Release|Any CPU
	EndGlobalSection
	GlobalSection(ProjectConfigurationPlatforms) = postSolution
		{D3F4AA87-D47F-4D7B-B6A0-C6D4975C548D}.Debug|Any CPU.ActiveCfg = Debug|Any CPU
		{D3F4AA87-D47F-4D7B-B6A0-C6D4975C548D}.Debug|Any CPU.Build.0 = Debug|Any CPU
		{D3F4AA87-D47F-4D7B-B6A0-C6D4975C548D}.Release|Any CPU.ActiveCfg = Release|Any CPU
		{D3F4AA87-D47F-4D7B-B6A0-C6D4975C548D}.Release|Any CPU.Build.0 = Release|Any CPU
		{F89AAB92-F76D-43C6-9742-2ED6A54F726D}.Debug|Any CPU.ActiveCfg = Debug|Any CPU
		{F89AAB92-F76D-43C6-9742-2ED6A54F726D}.Debug|Any CPU.Build.0 = Debug|Any CPU
		{F89AAB92-F76D-43C6-9742-2ED6A54F726D}.Release|Any CPU.ActiveCfg = Release|Any CPU
		{F89AAB92-F76D-43C6-9742-2ED6A54F726D}.Release|Any CPU.Build.0 = Release|Any CPU
		{2C4D157B-6727-4867-AFD0-5F592F49CABE}.Debug|Any CPU.ActiveCfg = Debug|Any CPU
		{2C4D157B-6727-4867-AFD0-5F592F49CABE}.Debug|Any CPU.Build.0 = Debug|Any CPU
		{2C4D157B-6727-4867-AFD0-5F592F49CABE}.Release|Any CPU.ActiveCfg = Release|Any CPU
		{2C4D157B-6727-4867-AFD0-5F592F49CABE}.Release|Any CPU.Build.0 = Release|Any CPU
		{A0E87D36-14EC-430C-BC15-CA9EA77BD223}.Debug|Any CPU.ActiveCfg = Debug|Any CPU
		{A0E87D36-14EC-430C-BC15-CA9EA77BD223}.Debug|Any CPU.Build.0 = Debug|Any CPU
		{A0E87D36-14EC-430C-BC15-CA9EA77BD223}.Release|Any CPU.ActiveCfg = Release|Any CPU
		{A0E87D36-14EC-430C-BC15-CA9EA77BD223}.Release|Any CPU.Build.0 = Release|Any CPU
		{B03C6AEE-6527-4F01-8556-F15D12AB6BD1}.Debug|Any CPU.ActiveCfg = Debug|Any CPU
		{B03C6AEE-6527-4F01-8556-F15D12AB6BD1}.Debug|Any CPU.Build.0 = Debug|Any CPU
		{B03C6AEE-6527-4F01-8556-F15D12AB6BD1}.Release|Any CPU.ActiveCfg = Release|Any CPU
		{B03C6AEE-6527-4F01-8556-F15D12AB6BD1}.Release|Any CPU.Build.0 = Release|Any CPU
	EndGlobalSection
	GlobalSection(SolutionProperties) = preSolution
		HideSolutionNode = FALSE
	EndGlobalSection
	GlobalSection(NestedProjects) = preSolution
		{F89AAB92-F76D-43C6-9742-2ED6A54F726D} = {F9B526FE-9FBE-4F41-BED5-1BF65B9FD482}
		{2C4D157B-6727-4867-AFD0-5F592F49CABE} = {F9B526FE-9FBE-4F41-BED5-1BF65B9FD482}
		{B03C6AEE-6527-4F01-8556-F15D12AB6BD1} = {F9B526FE-9FBE-4F41-BED5-1BF65B9FD482}
	EndGlobalSection
	GlobalSection(ExtensibilityGlobals) = postSolution
		SolutionGuid = {4E7EE5D3-41E2-4129-AAF7-DF328A4A9153}
	EndGlobalSection
EndGlobal
